
Microsoft Visual Studio Solution File, Format Version 12.00
# Visual Studio Version 17
VisualStudioVersion = 17.5.002.0
MinimumVisualStudioVersion = 10.0.40219.1
Project("{9A19103F-16F7-4668-BE54-9A1E7A4F7556}") = "nameInputProgram", "nameInputProgram.csproj", "{350D11A4-04A2-4C6F-9440-ED685A6C9103}"
EndProject
Global
	GlobalSection(SolutionConfigurationPlatforms) = preSolution
		Debug|Any CPU = Debug|Any CPU
		Release|Any CPU = Release|Any CPU
	EndGlobalSection
	GlobalSection(ProjectConfigurationPlatforms) = postSolution
		{350D11A4-04A2-4C6F-9440-ED685A6C9103}.Debug|Any CPU.ActiveCfg = Debug|Any CPU
		{350D11A4-04A2-4C6F-9440-ED685A6C9103}.Debug|Any CPU.Build.0 = Debug|Any CPU
		{350D11A4-04A2-4C6F-9440-ED685A6C9103}.Release|Any CPU.ActiveCfg = Release|Any CPU
		{350D11A4-04A2-4C6F-9440-ED685A6C9103}.Release|Any CPU.Build.0 = Release|Any CPU
	EndGlobalSection
	GlobalSection(SolutionProperties) = preSolution
		HideSolutionNode = FALSE
	EndGlobalSection
	GlobalSection(ExtensibilityGlobals) = postSolution
		SolutionGuid = {02F41AFD-37D5-47ED-AFDC-35BE3458F001}
	EndGlobalSection
EndGlobal
